
Microsoft Visual Studio Solution File, Format Version 12.00
# Visual Studio Version 16
VisualStudioVersion = 16.0.30907.101
MinimumVisualStudioVersion = 10.0.40219.1
Project("{FAE04EC0-301F-11D3-BF4B-00C04F79EFBC}") = "SuperheroCreator", "SuperheroCreator\SuperheroCreator.csproj", "{44F864A2-87A1-4F30-9EE4-1BDB176E38CD}"
EndProject
Global
	GlobalSection(SolutionConfigurationPlatforms) = preSolution
		Debug|Any CPU = Debug|Any CPU
		Release|Any CPU = Release|Any CPU
	EndGlobalSection
	GlobalSection(ProjectConfigurationPlatforms) = postSolution
		{44F864A2-87A1-4F30-9EE4-1BDB176E38CD}.Debug|Any CPU.ActiveCfg = Debug|Any CPU
		{44F864A2-87A1-4F30-9EE4-1BDB176E38CD}.Debug|Any CPU.Build.0 = Debug|Any CPU
		{44F864A2-87A1-4F30-9EE4-1BDB176E38CD}.Release|Any CPU.ActiveCfg = Release|Any CPU
		{44F864A2-87A1-4F30-9EE4-1BDB176E38CD}.Release|Any CPU.Build.0 = Release|Any CPU
	EndGlobalSection
	GlobalSection(SolutionProperties) = preSolution
		HideSolutionNode = FALSE
	EndGlobalSection
	GlobalSection(ExtensibilityGlobals) = postSolution
		SolutionGuid = {52D9E180-AB72-48F6-B6FF-2859C993E105}
	EndGlobalSection
EndGlobal
